// !$*UTF8*$!
{
	archiveVersion = 1;
	classes = {
	};
	objectVersion = 51;
	objects = {

/* Begin PBXBuildFile section */
		3C7D4C6C2349B96D002874FD /* CanvasView.swift in Sources */ = {isa = PBXBuildFile; fileRef = 3C7D4C6B2349B96D002874FD /* CanvasView.swift */; };
		3C7D4C702349C311002874FD /* TableView.swift in Sources */ = {isa = PBXBuildFile; fileRef = 3C7D4C6F2349C311002874FD /* TableView.swift */; };
		3C7D4C742349C4D7002874FD /* pdfView.swift in Sources */ = {isa = PBXBuildFile; fileRef = 3C7D4C732349C4D7002874FD /* pdfView.swift */; };
		3C7D4C762349C52B002874FD /* sample.pdf in Resources */ = {isa = PBXBuildFile; fileRef = 3C7D4C752349C52B002874FD /* sample.pdf */; };
		3C7D4C782349C7F1002874FD /* PdfViewer.swift in Sources */ = {isa = PBXBuildFile; fileRef = 3C7D4C772349C7F1002874FD /* PdfViewer.swift */; };
		3C7D4C7A2349C8D1002874FD /* Canv.swift in Sources */ = {isa = PBXBuildFile; fileRef = 3C7D4C792349C8D1002874FD /* Canv.swift */; };
		B13B97B32348BEC200B15D81 /* AppDelegate.swift in Sources */ = {isa = PBXBuildFile; fileRef = B13B97B22348BEC200B15D81 /* AppDelegate.swift */; };
		B13B97B52348BEC200B15D81 /* ViewController.swift in Sources */ = {isa = PBXBuildFile; fileRef = B13B97B42348BEC200B15D81 /* ViewController.swift */; };
		B13B97B82348BEC200B15D81 /* Main.storyboard in Resources */ = {isa = PBXBuildFile; fileRef = B13B97B62348BEC200B15D81 /* Main.storyboard */; };
		B13B97BA2348BEC300B15D81 /* Assets.xcassets in Resources */ = {isa = PBXBuildFile; fileRef = B13B97B92348BEC300B15D81 /* Assets.xcassets */; };
		B13B97BD2348BEC300B15D81 /* LaunchScreen.storyboard in Resources */ = {isa = PBXBuildFile; fileRef = B13B97BB2348BEC300B15D81 /* LaunchScreen.storyboard */; };
		CE87BC7DD678F3D9A9507328 /* libPods-ClynicaApp.a in Frameworks */ = {isa = PBXBuildFile; fileRef = F1B04360788815D8F262B6ED /* libPods-ClynicaApp.a */; };
/* End PBXBuildFile section */

/* Begin PBXFileReference section */
		0ECCC7AE5B7B19AEFB642F22 /* Pods-ClynicaApp.debug.xcconfig */ = {isa = PBXFileReference; includeInIndex = 1; lastKnownFileType = text.xcconfig; name = "Pods-ClynicaApp.debug.xcconfig"; path = "Target Support Files/Pods-ClynicaApp/Pods-ClynicaApp.debug.xcconfig"; sourceTree = "<group>"; };
		159188CE7576C7078493AED2 /* Pods-ClynicaApp.release.xcconfig */ = {isa = PBXFileReference; includeInIndex = 1; lastKnownFileType = text.xcconfig; name = "Pods-ClynicaApp.release.xcconfig"; path = "Target Support Files/Pods-ClynicaApp/Pods-ClynicaApp.release.xcconfig"; sourceTree = "<group>"; };
		3C7D4C6B2349B96D002874FD /* CanvasView.swift */ = {isa = PBXFileReference; fileEncoding = 4; lastKnownFileType = sourcecode.swift; path = CanvasView.swift; sourceTree = "<group>"; };
		3C7D4C6F2349C311002874FD /* TableView.swift */ = {isa = PBXFileReference; lastKnownFileType = sourcecode.swift; path = TableView.swift; sourceTree = "<group>"; };
		3C7D4C732349C4D7002874FD /* pdfView.swift */ = {isa = PBXFileReference; fileEncoding = 4; lastKnownFileType = sourcecode.swift; path = pdfView.swift; sourceTree = "<group>"; };
		3C7D4C752349C52B002874FD /* sample.pdf */ = {isa = PBXFileReference; lastKnownFileType = image.pdf; path = sample.pdf; sourceTree = "<group>"; };
		3C7D4C772349C7F1002874FD /* PdfViewer.swift */ = {isa = PBXFileReference; lastKnownFileType = sourcecode.swift; path = PdfViewer.swift; sourceTree = "<group>"; };
		3C7D4C792349C8D1002874FD /* Canv.swift */ = {isa = PBXFileReference; lastKnownFileType = sourcecode.swift; path = Canv.swift; sourceTree = "<group>"; };
		B13B97AF2348BEC200B15D81 /* ClynicaApp.app */ = {isa = PBXFileReference; explicitFileType = wrapper.application; includeInIndex = 0; path = ClynicaApp.app; sourceTree = BUILT_PRODUCTS_DIR; };
		B13B97B22348BEC200B15D81 /* AppDelegate.swift */ = {isa = PBXFileReference; lastKnownFileType = sourcecode.swift; path = AppDelegate.swift; sourceTree = "<group>"; };
		B13B97B42348BEC200B15D81 /* ViewController.swift */ = {isa = PBXFileReference; lastKnownFileType = sourcecode.swift; path = ViewController.swift; sourceTree = "<group>"; };
		B13B97B72348BEC200B15D81 /* Base */ = {isa = PBXFileReference; lastKnownFileType = file.storyboard; name = Base; path = Base.lproj/Main.storyboard; sourceTree = "<group>"; };
		B13B97B92348BEC300B15D81 /* Assets.xcassets */ = {isa = PBXFileReference; lastKnownFileType = folder.assetcatalog; path = Assets.xcassets; sourceTree = "<group>"; };
		B13B97BC2348BEC300B15D81 /* Base */ = {isa = PBXFileReference; lastKnownFileType = file.storyboard; name = Base; path = Base.lproj/LaunchScreen.storyboard; sourceTree = "<group>"; };
		B13B97BE2348BEC300B15D81 /* Info.plist */ = {isa = PBXFileReference; lastKnownFileType = text.plist.xml; path = Info.plist; sourceTree = "<group>"; };
		F1B04360788815D8F262B6ED /* libPods-ClynicaApp.a */ = {isa = PBXFileReference; explicitFileType = archive.ar; includeInIndex = 0; path = "libPods-ClynicaApp.a"; sourceTree = BUILT_PRODUCTS_DIR; };
/* End PBXFileReference section */

/* Begin PBXFrameworksBuildPhase section */
		B13B97AC2348BEC200B15D81 /* Frameworks */ = {
			isa = PBXFrameworksBuildPhase;
			buildActionMask = 2147483647;
			files = (
				CE87BC7DD678F3D9A9507328 /* libPods-ClynicaApp.a in Frameworks */,
			);
			runOnlyForDeploymentPostprocessing = 0;
		};
/* End PBXFrameworksBuildPhase section */

/* Begin PBXGroup section */
		29932B30A735A88F880F593C /* Frameworks */ = {
			isa = PBXGroup;
			children = (
				F1B04360788815D8F262B6ED /* libPods-ClynicaApp.a */,
			);
			name = Frameworks;
			sourceTree = "<group>";
		};
		687D25BD0F93B72E14AEE2E2 /* Pods */ = {
			isa = PBXGroup;
			children = (
				0ECCC7AE5B7B19AEFB642F22 /* Pods-ClynicaApp.debug.xcconfig */,
				159188CE7576C7078493AED2 /* Pods-ClynicaApp.release.xcconfig */,
			);
			path = Pods;
			sourceTree = "<group>";
		};
		B13B97A62348BEC200B15D81 = {
			isa = PBXGroup;
			children = (
				B13B97B12348BEC200B15D81 /* ClynicaApp */,
				B13B97B02348BEC200B15D81 /* Products */,
				687D25BD0F93B72E14AEE2E2 /* Pods */,
				29932B30A735A88F880F593C /* Frameworks */,
			);
			sourceTree = "<group>";
		};
		B13B97B02348BEC200B15D81 /* Products */ = {
			isa = PBXGroup;
			children = (
				B13B97AF2348BEC200B15D81 /* ClynicaApp.app */,
			);
			name = Products;
			sourceTree = "<group>";
		};
		B13B97B12348BEC200B15D81 /* ClynicaApp */ = {
			isa = PBXGroup;
			children = (
				3C7D4C752349C52B002874FD /* sample.pdf */,
				3C7D4C732349C4D7002874FD /* pdfView.swift */,
				3C7D4C6B2349B96D002874FD /* CanvasView.swift */,
				B13B97B22348BEC200B15D81 /* AppDelegate.swift */,
				B13B97B42348BEC200B15D81 /* ViewController.swift */,
				3C7D4C792349C8D1002874FD /* Canv.swift */,
				B13B97B62348BEC200B15D81 /* Main.storyboard */,
				3C7D4C6F2349C311002874FD /* TableView.swift */,
				B13B97B92348BEC300B15D81 /* Assets.xcassets */,
				B13B97BB2348BEC300B15D81 /* LaunchScreen.storyboard */,
				B13B97BE2348BEC300B15D81 /* Info.plist */,
				3C7D4C772349C7F1002874FD /* PdfViewer.swift */,
			);
			path = ClynicaApp;
			sourceTree = "<group>";
		};
/* End PBXGroup section */

/* Begin PBXNativeTarget section */
		B13B97AE2348BEC200B15D81 /* ClynicaApp */ = {
			isa = PBXNativeTarget;
			buildConfigurationList = B13B97C12348BEC300B15D81 /* Build configuration list for PBXNativeTarget "ClynicaApp" */;
			buildPhases = (
				919BA71439621AE333012692 /* [CP] Check Pods Manifest.lock */,
				B13B97AB2348BEC200B15D81 /* Sources */,
				B13B97AC2348BEC200B15D81 /* Frameworks */,
				B13B97AD2348BEC200B15D81 /* Resources */,
				D8A1ED077A467BEE5B1ACC1C /* [CP] Copy Pods Resources */,
			);
			buildRules = (
			);
			dependencies = (
			);
			name = ClynicaApp;
			productName = ClynicaApp;
			productReference = B13B97AF2348BEC200B15D81 /* ClynicaApp.app */;
			productType = "com.apple.product-type.application";
		};
/* End PBXNativeTarget section */

/* Begin PBXProject section */
		B13B97A72348BEC200B15D81 /* Project object */ = {
			isa = PBXProject;
			attributes = {
				LastSwiftUpdateCheck = 1030;
				LastUpgradeCheck = 1030;
				ORGANIZATIONNAME = Beauth;
				TargetAttributes = {
					B13B97AE2348BEC200B15D81 = {
						CreatedOnToolsVersion = 10.3;
					};
				};
			};
			buildConfigurationList = B13B97AA2348BEC200B15D81 /* Build configuration list for PBXProject "ClynicaApp" */;
			compatibilityVersion = "Xcode 9.3";
			developmentRegion = en;
			hasScannedForEncodings = 0;
			knownRegions = (
				en,
				Base,
			);
			mainGroup = B13B97A62348BEC200B15D81;
			productRefGroup = B13B97B02348BEC200B15D81 /* Products */;
			projectDirPath = "";
			projectRoot = "";
			targets = (
				B13B97AE2348BEC200B15D81 /* ClynicaApp */,
			);
		};
/* End PBXProject section */

/* Begin PBXResourcesBuildPhase section */
		B13B97AD2348BEC200B15D81 /* Resources */ = {
			isa = PBXResourcesBuildPhase;
			buildActionMask = 2147483647;
			files = (
				3C7D4C762349C52B002874FD /* sample.pdf in Resources */,
				B13B97BD2348BEC300B15D81 /* LaunchScreen.storyboard in Resources */,
				B13B97BA2348BEC300B15D81 /* Assets.xcassets in Resources */,
				B13B97B82348BEC200B15D81 /* Main.storyboard in Resources */,
			);
			runOnlyForDeploymentPostprocessing = 0;
		};
/* End PBXResourcesBuildPhase section */

/* Begin PBXShellScriptBuildPhase section */
		919BA71439621AE333012692 /* [CP] Check Pods Manifest.lock */ = {
			isa = PBXShellScriptBuildPhase;
			buildActionMask = 2147483647;
			files = (
			);
			inputFileListPaths = (
			);
			inputPaths = (
				"${PODS_PODFILE_DIR_PATH}/Podfile.lock",
				"${PODS_ROOT}/Manifest.lock",
			);
			name = "[CP] Check Pods Manifest.lock";
			outputFileListPaths = (
			);
			outputPaths = (
				"$(DERIVED_FILE_DIR)/Pods-ClynicaApp-checkManifestLockResult.txt",
			);
			runOnlyForDeploymentPostprocessing = 0;
			shellPath = /bin/sh;
			shellScript = "diff \"${PODS_PODFILE_DIR_PATH}/Podfile.lock\" \"${PODS_ROOT}/Manifest.lock\" > /dev/null\nif [ $? != 0 ] ; then\n    # print error to STDERR\n    echo \"error: The sandbox is not in sync with the Podfile.lock. Run 'pod install' or update your CocoaPods installation.\" >&2\n    exit 1\nfi\n# This output is used by Xcode 'outputs' to avoid re-running this script phase.\necho \"SUCCESS\" > \"${SCRIPT_OUTPUT_FILE_0}\"\n";
			showEnvVarsInLog = 0;
		};
		D8A1ED077A467BEE5B1ACC1C /* [CP] Copy Pods Resources */ = {
			isa = PBXShellScriptBuildPhase;
			buildActionMask = 2147483647;
			files = (
			);
			inputFileListPaths = (
				"${PODS_ROOT}/Target Support Files/Pods-ClynicaApp/Pods-ClynicaApp-resources-${CONFIGURATION}-input-files.xcfilelist",
			);
			name = "[CP] Copy Pods Resources";
			outputFileListPaths = (
				"${PODS_ROOT}/Target Support Files/Pods-ClynicaApp/Pods-ClynicaApp-resources-${CONFIGURATION}-output-files.xcfilelist",
			);
			runOnlyForDeploymentPostprocessing = 0;
			shellPath = /bin/sh;
			shellScript = "\"${PODS_ROOT}/Target Support Files/Pods-ClynicaApp/Pods-ClynicaApp-resources.sh\"\n";
			showEnvVarsInLog = 0;
		};
/* End PBXShellScriptBuildPhase section */

/* Begin PBXSourcesBuildPhase section */
		B13B97AB2348BEC200B15D81 /* Sources */ = {
			isa = PBXSourcesBuildPhase;
			buildActionMask = 2147483647;
			files = (
				B13B97B52348BEC200B15D81 /* ViewController.swift in Sources */,
				3C7D4C7A2349C8D1002874FD /* Canv.swift in Sources */,
				3C7D4C702349C311002874FD /* TableView.swift in Sources */,
				3C7D4C782349C7F1002874FD /* PdfViewer.swift in Sources */,
				B13B97B32348BEC200B15D81 /* AppDelegate.swift in Sources */,
				3C7D4C742349C4D7002874FD /* pdfView.swift in Sources */,
				3C7D4C6C2349B96D002874FD /* CanvasView.swift in Sources */,
			);
			runOnlyForDeploymentPostprocessing = 0;
		};
/* End PBXSourcesBuildPhase section */

/* Begin PBXVariantGroup section */
		B13B97B62348BEC200B15D81 /* Main.storyboard */ = {
			isa = PBXVariantGroup;
			children = (
				B13B97B72348BEC200B15D81 /* Base */,
			);
			name = Main.storyboard;
			sourceTree = "<group>";
		};
		B13B97BB2348BEC300B15D81 /* LaunchScreen.storyboard */ = {
			isa = PBXVariantGroup;
			children = (
				B13B97BC2348BEC300B15D81 /* Base */,
			);
			name = LaunchScreen.storyboard;
			sourceTree = "<group>";
		};
/* End PBXVariantGroup section */

/* Begin XCBuildConfiguration section */
		B13B97BF2348BEC300B15D81 /* Debug */ = {
			isa = XCBuildConfiguration;
			buildSettings = {
				ALWAYS_SEARCH_USER_PATHS = NO;
				CLANG_ANALYZER_NONNULL = YES;
				CLANG_ANALYZER_NUMBER_OBJECT_CONVERSION = YES_AGGRESSIVE;
				CLANG_CXX_LANGUAGE_STANDARD = "gnu++14";
				CLANG_CXX_LIBRARY = "libc++";
				CLANG_ENABLE_MODULES = YES;
				CLANG_ENABLE_OBJC_ARC = YES;
				CLANG_ENABLE_OBJC_WEAK = YES;
				CLANG_WARN_BLOCK_CAPTURE_AUTORELEASING = YES;
				CLANG_WARN_BOOL_CONVERSION = YES;
				CLANG_WARN_COMMA = YES;
				CLANG_WARN_CONSTANT_CONVERSION = YES;
				CLANG_WARN_DEPRECATED_OBJC_IMPLEMENTATIONS = YES;
				CLANG_WARN_DIRECT_OBJC_ISA_USAGE = YES_ERROR;
				CLANG_WARN_DOCUMENTATION_COMMENTS = YES;
				CLANG_WARN_EMPTY_BODY = YES;
				CLANG_WARN_ENUM_CONVERSION = YES;
				CLANG_WARN_INFINITE_RECURSION = YES;
				CLANG_WARN_INT_CONVERSION = YES;
				CLANG_WARN_NON_LITERAL_NULL_CONVERSION = YES;
				CLANG_WARN_OBJC_IMPLICIT_RETAIN_SELF = YES;
				CLANG_WARN_OBJC_LITERAL_CONVERSION = YES;
				CLANG_WARN_OBJC_ROOT_CLASS = YES_ERROR;
				CLANG_WARN_RANGE_LOOP_ANALYSIS = YES;
				CLANG_WARN_STRICT_PROTOTYPES = YES;
				CLANG_WARN_SUSPICIOUS_MOVE = YES;
				CLANG_WARN_UNGUARDED_AVAILABILITY = YES_AGGRESSIVE;
				CLANG_WARN_UNREACHABLE_CODE = YES;
				CLANG_WARN__DUPLICATE_METHOD_MATCH = YES;
				CODE_SIGN_IDENTITY = "iPhone Developer";
				COPY_PHASE_STRIP = NO;
				DEBUG_INFORMATION_FORMAT = dwarf;
				ENABLE_STRICT_OBJC_MSGSEND = YES;
				ENABLE_TESTABILITY = YES;
				GCC_C_LANGUAGE_STANDARD = gnu11;
				GCC_DYNAMIC_NO_PIC = NO;
				GCC_NO_COMMON_BLOCKS = YES;
				GCC_OPTIMIZATION_LEVEL = 0;
				GCC_PREPROCESSOR_DEFINITIONS = (
					"DEBUG=1",
					"$(inherited)",
				);
				GCC_WARN_64_TO_32_BIT_CONVERSION = YES;
				GCC_WARN_ABOUT_RETURN_TYPE = YES_ERROR;
				GCC_WARN_UNDECLARED_SELECTOR = YES;
				GCC_WARN_UNINITIALIZED_AUTOS = YES_AGGRESSIVE;
				GCC_WARN_UNUSED_FUNCTION = YES;
				GCC_WARN_UNUSED_VARIABLE = YES;
				IPHONEOS_DEPLOYMENT_TARGET = 11.0;
				MTL_ENABLE_DEBUG_INFO = INCLUDE_SOURCE;
				MTL_FAST_MATH = YES;
				ONLY_ACTIVE_ARCH = YES;
				SDKROOT = iphoneos;
				SWIFT_ACTIVE_COMPILATION_CONDITIONS = DEBUG;
				SWIFT_OPTIMIZATION_LEVEL = "-Onone";
			};
			name = Debug;
		};
		B13B97C02348BEC300B15D81 /* Release */ = {
			isa = XCBuildConfiguration;
			buildSettings = {
				ALWAYS_SEARCH_USER_PATHS = NO;
				CLANG_ANALYZER_NONNULL = YES;
				CLANG_ANALYZER_NUMBER_OBJECT_CONVERSION = YES_AGGRESSIVE;
				CLANG_CXX_LANGUAGE_STANDARD = "gnu++14";
				CLANG_CXX_LIBRARY = "libc++";
				CLANG_ENABLE_MODULES = YES;
				CLANG_ENABLE_OBJC_ARC = YES;
				CLANG_ENABLE_OBJC_WEAK = YES;
				CLANG_WARN_BLOCK_CAPTURE_AUTORELEASING = YES;
				CLANG_WARN_BOOL_CONVERSION = YES;
				CLANG_WARN_COMMA = YES;
				CLANG_WARN_CONSTANT_CONVERSION = YES;
				CLANG_WARN_DEPRECATED_OBJC_IMPLEMENTATIONS = YES;
				CLANG_WARN_DIRECT_OBJC_ISA_USAGE = YES_ERROR;
				CLANG_WARN_DOCUMENTATION_COMMENTS = YES;
				CLANG_WARN_EMPTY_BODY = YES;
				CLANG_WARN_ENUM_CONVERSION = YES;
				CLANG_WARN_INFINITE_RECURSION = YES;
				CLANG_WARN_INT_CONVERSION = YES;
				CLANG_WARN_NON_LITERAL_NULL_CONVERSION = YES;
				CLANG_WARN_OBJC_IMPLICIT_RETAIN_SELF = YES;
				CLANG_WARN_OBJC_LITERAL_CONVERSION = YES;
				CLANG_WARN_OBJC_ROOT_CLASS = YES_ERROR;
				CLANG_WARN_RANGE_LOOP_ANALYSIS = YES;
				CLANG_WARN_STRICT_PROTOTYPES = YES;
				CLANG_WARN_SUSPICIOUS_MOVE = YES;
				CLANG_WARN_UNGUARDED_AVAILABILITY = YES_AGGRESSIVE;
				CLANG_WARN_UNREACHABLE_CODE = YES;
				CLANG_WARN__DUPLICATE_METHOD_MATCH = YES;
				CODE_SIGN_IDENTITY = "iPhone Developer";
				COPY_PHASE_STRIP = NO;
				DEBUG_INFORMATION_FORMAT = "dwarf-with-dsym";
				ENABLE_NS_ASSERTIONS = NO;
				ENABLE_STRICT_OBJC_MSGSEND = YES;
				GCC_C_LANGUAGE_STANDARD = gnu11;
				GCC_NO_COMMON_BLOCKS = YES;
				GCC_WARN_64_TO_32_BIT_CONVERSION = YES;
				GCC_WARN_ABOUT_RETURN_TYPE = YES_ERROR;
				GCC_WARN_UNDECLARED_SELECTOR = YES;
				GCC_WARN_UNINITIALIZED_AUTOS = YES_AGGRESSIVE;
				GCC_WARN_UNUSED_FUNCTION = YES;
				GCC_WARN_UNUSED_VARIABLE = YES;
				IPHONEOS_DEPLOYMENT_TARGET = 11.0;
				MTL_ENABLE_DEBUG_INFO = NO;
				MTL_FAST_MATH = YES;
				SDKROOT = iphoneos;
				SWIFT_COMPILATION_MODE = wholemodule;
				SWIFT_OPTIMIZATION_LEVEL = "-O";
				VALIDATE_PRODUCT = YES;
			};
			name = Release;
		};
		B13B97C22348BEC300B15D81 /* Debug */ = {
			isa = XCBuildConfiguration;
			baseConfigurationReference = 0ECCC7AE5B7B19AEFB642F22 /* Pods-ClynicaApp.debug.xcconfig */;
			buildSettings = {
				ASSETCATALOG_COMPILER_APPICON_NAME = AppIcon;
				CODE_SIGN_STYLE = Automatic;
				DEVELOPMENT_TEAM = GYP5U8V7NY;
				INFOPLIST_FILE = ClynicaApp/Info.plist;
				IPHONEOS_DEPLOYMENT_TARGET = 10.3;
				LD_RUNPATH_SEARCH_PATHS = (
					"$(inherited)",
					"@executable_path/Frameworks",
				);
				PRODUCT_BUNDLE_IDENTIFIER = com.Beauth.ClynicaApp1;
				PRODUCT_NAME = "$(TARGET_NAME)";
				SWIFT_VERSION = 5.0;
				TARGETED_DEVICE_FAMILY = 2;
			};
			name = Debug;
		};
		B13B97C32348BEC300B15D81 /* Release */ = {
			isa = XCBuildConfiguration;
			baseConfigurationReference = 159188CE7576C7078493AED2 /* Pods-ClynicaApp.release.xcconfig */;
			buildSettings = {
				ASSETCATALOG_COMPILER_APPICON_NAME = AppIcon;
				CODE_SIGN_STYLE = Automatic;
				DEVELOPMENT_TEAM = GYP5U8V7NY;
				INFOPLIST_FILE = ClynicaApp/Info.plist;
				IPHONEOS_DEPLOYMENT_TARGET = 10.3;
				LD_RUNPATH_SEARCH_PATHS = (
					"$(inherited)",
					"@executable_path/Frameworks",
				);
				PRODUCT_BUNDLE_IDENTIFIER = com.Beauth.ClynicaApp1;
				PRODUCT_NAME = "$(TARGET_NAME)";
				SWIFT_VERSION = 5.0;
				TARGETED_DEVICE_FAMILY = 2;
			};
			name = Release;
		};
/* End XCBuildConfiguration section */

/* Begin XCConfigurationList section */
		B13B97AA2348BEC200B15D81 /* Build configuration list for PBXProject "ClynicaApp" */ = {
			isa = XCConfigurationList;
			buildConfigurations = (
				B13B97BF2348BEC300B15D81 /* Debug */,
				B13B97C02348BEC300B15D81 /* Release */,
			);
			defaultConfigurationIsVisible = 0;
			defaultConfigurationName = Release;
		};
		B13B97C12348BEC300B15D81 /* Build configuration list for PBXNativeTarget "ClynicaApp" */ = {
			isa = XCConfigurationList;
			buildConfigurations = (
				B13B97C22348BEC300B15D81 /* Debug */,
				B13B97C32348BEC300B15D81 /* Release */,
			);
			defaultConfigurationIsVisible = 0;
			defaultConfigurationName = Release;
		};
/* End XCConfigurationList section */
	};
	rootObject = B13B97A72348BEC200B15D81 /* Project object */;
}
